// !$*UTF8*$!
{
	archiveVersion = 1;
	classes = {
	};
	objectVersion = 56;
	objects = {

/* Begin PBXBuildFile section */
		0860648A2FF126690010B267 /* Swinject in Frameworks */ = {isa = PBXBuildFile; productRef = 086064892FF126690010B267 /* Swinject */; };
		0860648E2FF12F8A0010B267 /* Onboarding in Frameworks */ = {isa = PBXBuildFile; productRef = 0860648D2FF12F8A0010B267 /* Onboarding */; };
		086CE18E2FF0074F005DEA2D /* ApolloAPI in Frameworks */ = {isa = PBXBuildFile; productRef = 086CE18D2FF0074F005DEA2D /* ApolloAPI */; };
		086CE1902FF008E4005DEA2D /* MarktekNetworking in Frameworks */ = {isa = PBXBuildFile; productRef = 086CE18F2FF008E4005DEA2D /* MarktekNetworking */; };
		08EA15AA2FF2B32E0056ECA5 /* Cart in Frameworks */ = {isa = PBXBuildFile; productRef = 08EA15A92FF2B32E0056ECA5 /* Cart */; };
		08B93C8E2FF322C500AAA4F7 /* ApolloAPI in Frameworks */ = {isa = PBXBuildFile; productRef = CA7D800B2FF335C50090C2CF /* ApolloAPI */; };
		08B93C902FF3246100AAA4F7 /* GoogleService-Info.plist in Resources */ = {isa = PBXBuildFile; fileRef = 08B93C8F2FF3246100AAA4F7 /* GoogleService-Info.plist */; };
		08EA15AA2FF2B32E0056ECA5 /* Cart in Frameworks */ = {isa = PBXBuildFile; productRef = 08EA15A92FF2B32E0056ECA5 /* Cart */; };
		2C74F8D22FEFFF460073F428 /* Home in Frameworks */ = {isa = PBXBuildFile; productRef = 2C74F8D12FEFFF460073F428 /* Home */; };
		2C90D2932FEFE9BE00FADB94 /* Assets.xcassets in Resources */ = {isa = PBXBuildFile; fileRef = 2C90D2922FEFE9BE00FADB94 /* Assets.xcassets */; };
		2C90D3A82FEFF24300FADB94 /* Marktek.xcdatamodeld in Sources */ = {isa = PBXBuildFile; fileRef = 2C90D3A22FEFF24300FADB94 /* Marktek.xcdatamodeld */; };
		2C90D3A92FEFF24300FADB94 /* Persistence.swift in Sources */ = {isa = PBXBuildFile; fileRef = 2C90D3A32FEFF24300FADB94 /* Persistence.swift */; };
		616653902FEFCE9F00C605D3 /* MarktekApp.swift in Sources */ = {isa = PBXBuildFile; fileRef = 6166538F2FEFCE9F00C605D3 /* MarktekApp.swift */; };
		616653972FEFCEA200C605D3 /* Preview Assets.xcassets in Resources */ = {isa = PBXBuildFile; fileRef = 616653962FEFCEA200C605D3 /* Preview Assets.xcassets */; };
		616653A62FEFCEA200C605D3 /* MarktekTests.swift in Sources */ = {isa = PBXBuildFile; fileRef = 616653A52FEFCEA200C605D3 /* MarktekTests.swift */; };
		616653B02FEFCEA300C605D3 /* MarktekUITests.swift in Sources */ = {isa = PBXBuildFile; fileRef = 616653AF2FEFCEA300C605D3 /* MarktekUITests.swift */; };
		616653B22FEFCEA300C605D3 /* MarktekUITestsLaunchTests.swift in Sources */ = {isa = PBXBuildFile; fileRef = 616653B12FEFCEA300C605D3 /* MarktekUITestsLaunchTests.swift */; };
		616851E22FF1A35200F29AA5 /* GoogleSignIn in Frameworks */ = {isa = PBXBuildFile; productRef = 616851E12FF1A35200F29AA5 /* GoogleSignIn */; };
		616851E42FF1A35200F29AA5 /* GoogleSignInSwift in Frameworks */ = {isa = PBXBuildFile; productRef = 616851E32FF1A35200F29AA5 /* GoogleSignInSwift */; };
		617276C72FF01B7C001CC25D /* FirebaseAuth in Frameworks */ = {isa = PBXBuildFile; productRef = 617276C62FF01B7C001CC25D /* FirebaseAuth */; };
		617276C92FF023F9001CC25D /* Authentication in Frameworks */ = {isa = PBXBuildFile; productRef = 617276C82FF023F9001CC25D /* Authentication */; };
		CA7D800A2FF335C50090C2CF /* Apollo in Frameworks */ = {isa = PBXBuildFile; productRef = CA7D80092FF335C50090C2CF /* Apollo */; };
/* End PBXBuildFile section */

/* Begin PBXContainerItemProxy section */
		616653A22FEFCEA200C605D3 /* PBXContainerItemProxy */ = {
			isa = PBXContainerItemProxy;
			containerPortal = 616653842FEFCE9F00C605D3 /* Project object */;
			proxyType = 1;
			remoteGlobalIDString = 6166538B2FEFCE9F00C605D3;
			remoteInfo = Marktek;
		};
		616653AC2FEFCEA200C605D3 /* PBXContainerItemProxy */ = {
			isa = PBXContainerItemProxy;
			containerPortal = 616653842FEFCE9F00C605D3 /* Project object */;
			proxyType = 1;
			remoteGlobalIDString = 6166538B2FEFCE9F00C605D3;
			remoteInfo = Marktek;
		};
/* End PBXContainerItemProxy section */

/* Begin PBXFileReference section */
		083555A02FF3A07D00083148 /* .swiftlint.yml */ = {isa = PBXFileReference; lastKnownFileType = text.yaml; path = .swiftlint.yml; sourceTree = "<group>"; };
		086CE1912FF00C3F005DEA2D /* Config/Secrets.xcconfig */ = {isa = PBXFileReference; lastKnownFileType = text.xcconfig; path = Config/Secrets.xcconfig; sourceTree = "<group>"; };
		08B93C8F2FF3246100AAA4F7 /* GoogleService-Info.plist */ = {isa = PBXFileReference; lastKnownFileType = text.plist.xml; path = "GoogleService-Info.plist"; sourceTree = "<group>"; };
		2C90D2922FEFE9BE00FADB94 /* Assets.xcassets */ = {isa = PBXFileReference; lastKnownFileType = folder.assetcatalog; path = Assets.xcassets; sourceTree = "<group>"; };
		2C90D3A32FEFF24300FADB94 /* Persistence.swift */ = {isa = PBXFileReference; lastKnownFileType = sourcecode.swift; path = Persistence.swift; sourceTree = "<group>"; };
		2C90D3A62FEFF24300FADB94 /* Marktek.xcdatamodel */ = {isa = PBXFileReference; lastKnownFileType = wrapper.xcdatamodel; path = Marktek.xcdatamodel; sourceTree = "<group>"; };
		610825582FF1882D002433CB /* Info.plist */ = {isa = PBXFileReference; lastKnownFileType = text.plist; path = Info.plist; sourceTree = "<group>"; };
		6166538C2FEFCE9F00C605D3 /* Marktek.app */ = {isa = PBXFileReference; explicitFileType = wrapper.application; includeInIndex = 0; path = Marktek.app; sourceTree = BUILT_PRODUCTS_DIR; };
		6166538F2FEFCE9F00C605D3 /* MarktekApp.swift */ = {isa = PBXFileReference; lastKnownFileType = sourcecode.swift; path = MarktekApp.swift; sourceTree = "<group>"; };
		616653962FEFCEA200C605D3 /* Preview Assets.xcassets */ = {isa = PBXFileReference; lastKnownFileType = folder.assetcatalog; path = "Preview Assets.xcassets"; sourceTree = "<group>"; };
		616653A12FEFCEA200C605D3 /* MarktekTests.xctest */ = {isa = PBXFileReference; explicitFileType = wrapper.cfbundle; includeInIndex = 0; path = MarktekTests.xctest; sourceTree = BUILT_PRODUCTS_DIR; };
		616653A52FEFCEA200C605D3 /* MarktekTests.swift */ = {isa = PBXFileReference; lastKnownFileType = sourcecode.swift; path = MarktekTests.swift; sourceTree = "<group>"; };
		616653AB2FEFCEA200C605D3 /* MarktekUITests.xctest */ = {isa = PBXFileReference; explicitFileType = wrapper.cfbundle; includeInIndex = 0; path = MarktekUITests.xctest; sourceTree = BUILT_PRODUCTS_DIR; };
		616653AF2FEFCEA300C605D3 /* MarktekUITests.swift */ = {isa = PBXFileReference; lastKnownFileType = sourcecode.swift; path = MarktekUITests.swift; sourceTree = "<group>"; };
		616653B12FEFCEA300C605D3 /* MarktekUITestsLaunchTests.swift */ = {isa = PBXFileReference; lastKnownFileType = sourcecode.swift; path = MarktekUITestsLaunchTests.swift; sourceTree = "<group>"; };
/* End PBXFileReference section */

/* Begin PBXFrameworksBuildPhase section */
		616653892FEFCE9F00C605D3 /* Frameworks */ = {
			isa = PBXFrameworksBuildPhase;
			buildActionMask = 2147483647;
			files = (
				08B93C8E2FF322C500AAA4F7 /* ApolloAPI in Frameworks */,
				616851E42FF1A35200F29AA5 /* GoogleSignInSwift in Frameworks */,
				CA7D800A2FF335C50090C2CF /* Apollo in Frameworks */,
				086CE1902FF008E4005DEA2D /* MarktekNetworking in Frameworks */,
				08EA15AA2FF2B32E0056ECA5 /* Cart in Frameworks */,
				0860648A2FF126690010B267 /* Swinject in Frameworks */,
				086CE18E2FF0074F005DEA2D /* ApolloAPI in Frameworks */,
				2C74F8D22FEFFF460073F428 /* Home in Frameworks */,
				0860648E2FF12F8A0010B267 /* Onboarding in Frameworks */,
				616851E22FF1A35200F29AA5 /* GoogleSignIn in Frameworks */,
				617276C72FF01B7C001CC25D /* FirebaseAuth in Frameworks */,
				617276C92FF023F9001CC25D /* Authentication in Frameworks */,
			);
			runOnlyForDeploymentPostprocessing = 0;
		};
		6166539E2FEFCEA200C605D3 /* Frameworks */ = {
			isa = PBXFrameworksBuildPhase;
			buildActionMask = 2147483647;
			files = (
			);
			runOnlyForDeploymentPostprocessing = 0;
		};
		616653A82FEFCEA200C605D3 /* Frameworks */ = {
			isa = PBXFrameworksBuildPhase;
			buildActionMask = 2147483647;
			files = (
			);
			runOnlyForDeploymentPostprocessing = 0;
		};
/* End PBXFrameworksBuildPhase section */

/* Begin PBXGroup section */
		2C74F8D02FEFFF460073F428 /* Frameworks */ = {
			isa = PBXGroup;
			children = (
			);
			name = Frameworks;
			sourceTree = "<group>";
		};
		2C90D2152FEFD85300FADB94 /* Application */ = {
			isa = PBXGroup;
			children = (
				6166538F2FEFCE9F00C605D3 /* MarktekApp.swift */,
			);
			path = Application;
			sourceTree = "<group>";
		};
		2C90D2942FEFEEAA00FADB94 /* Resources */ = {
			isa = PBXGroup;
			children = (
				2C90D2922FEFE9BE00FADB94 /* Assets.xcassets */,
			);
			path = Resources;
			sourceTree = "<group>";
		};
		2C90D3152FEFEF8300FADB94 /* Core */ = {
			isa = PBXGroup;
			children = (
				2C90D3A52FEFF24300FADB94 /* Services */,
			);
			path = Core;
			sourceTree = "<group>";
		};
		2C90D3A42FEFF24300FADB94 /* LocalService */ = {
			isa = PBXGroup;
			children = (
				2C90D3A22FEFF24300FADB94 /* Marktek.xcdatamodeld */,
				2C90D3A32FEFF24300FADB94 /* Persistence.swift */,
			);
			path = LocalService;
			sourceTree = "<group>";
		};
		2C90D3A52FEFF24300FADB94 /* Services */ = {
			isa = PBXGroup;
			children = (
				2C90D3A42FEFF24300FADB94 /* LocalService */,
			);
			path = Services;
			sourceTree = "<group>";
		};
		616653832FEFCE9F00C605D3 = {
			isa = PBXGroup;
			children = (
				083555A02FF3A07D00083148 /* .swiftlint.yml */,
				086CE1912FF00C3F005DEA2D /* Config/Secrets.xcconfig */,
				6166538E2FEFCE9F00C605D3 /* Marktek */,
				616653A42FEFCEA200C605D3 /* MarktekTests */,
				616653AE2FEFCEA200C605D3 /* MarktekUITests */,
				2C74F8D02FEFFF460073F428 /* Frameworks */,
				6166538D2FEFCE9F00C605D3 /* Products */,
			);
			sourceTree = "<group>";
		};
		6166538D2FEFCE9F00C605D3 /* Products */ = {
			isa = PBXGroup;
			children = (
				6166538C2FEFCE9F00C605D3 /* Marktek.app */,
				616653A12FEFCEA200C605D3 /* MarktekTests.xctest */,
				616653AB2FEFCEA200C605D3 /* MarktekUITests.xctest */,
			);
			name = Products;
			sourceTree = "<group>";
		};
		6166538E2FEFCE9F00C605D3 /* Marktek */ = {
			isa = PBXGroup;
			children = (
				610825582FF1882D002433CB /* Info.plist */,
				2C90D3152FEFEF8300FADB94 /* Core */,
				2C90D2942FEFEEAA00FADB94 /* Resources */,
				2C90D2152FEFD85300FADB94 /* Application */,
				616653952FEFCEA200C605D3 /* Preview Content */,
				08B93C8F2FF3246100AAA4F7 /* GoogleService-Info.plist */,
			);
			path = Marktek;
			sourceTree = "<group>";
		};
		616653952FEFCEA200C605D3 /* Preview Content */ = {
			isa = PBXGroup;
			children = (
				616653962FEFCEA200C605D3 /* Preview Assets.xcassets */,
			);
			path = "Preview Content";
			sourceTree = "<group>";
		};
		616653A42FEFCEA200C605D3 /* MarktekTests */ = {
			isa = PBXGroup;
			children = (
				616653A52FEFCEA200C605D3 /* MarktekTests.swift */,
			);
			path = MarktekTests;
			sourceTree = "<group>";
		};
		616653AE2FEFCEA200C605D3 /* MarktekUITests */ = {
			isa = PBXGroup;
			children = (
				616653AF2FEFCEA300C605D3 /* MarktekUITests.swift */,
				616653B12FEFCEA300C605D3 /* MarktekUITestsLaunchTests.swift */,
			);
			path = MarktekUITests;
			sourceTree = "<group>";
		};
/* End PBXGroup section */

/* Begin PBXNativeTarget section */
		6166538B2FEFCE9F00C605D3 /* Marktek */ = {
			isa = PBXNativeTarget;
			buildConfigurationList = 616653B52FEFCEA300C605D3 /* Build configuration list for PBXNativeTarget "Marktek" */;
			buildPhases = (
				616653882FEFCE9F00C605D3 /* Sources */,
				616653892FEFCE9F00C605D3 /* Frameworks */,
				6166538A2FEFCE9F00C605D3 /* Resources */,
			);
			buildRules = (
			);
			dependencies = (
				0835559F2FF3A01600083148 /* PBXTargetDependency */,
			);
			name = Marktek;
			packageProductDependencies = (
				617276C62FF01B7C001CC25D /* FirebaseAuth */,
				617276C82FF023F9001CC25D /* Authentication */,
				616851E12FF1A35200F29AA5 /* GoogleSignIn */,
				616851E32FF1A35200F29AA5 /* GoogleSignInSwift */,
				CA7D80092FF335C50090C2CF /* Apollo */,
				CA7D800B2FF335C50090C2CF /* ApolloAPI */,
			);
			productName = Marktek;
			productReference = 6166538C2FEFCE9F00C605D3 /* Marktek.app */;
			productType = "com.apple.product-type.application";
		};
		616653A02FEFCEA200C605D3 /* MarktekTests */ = {
			isa = PBXNativeTarget;
			buildConfigurationList = 616653B82FEFCEA300C605D3 /* Build configuration list for PBXNativeTarget "MarktekTests" */;
			buildPhases = (
				6166539D2FEFCEA200C605D3 /* Sources */,
				6166539E2FEFCEA200C605D3 /* Frameworks */,
				6166539F2FEFCEA200C605D3 /* Resources */,
			);
			buildRules = (
			);
			dependencies = (
				616653A32FEFCEA200C605D3 /* PBXTargetDependency */,
			);
			name = MarktekTests;
			productName = MarktekTests;
			productReference = 616653A12FEFCEA200C605D3 /* MarktekTests.xctest */;
			productType = "com.apple.product-type.bundle.unit-test";
		};
		616653AA2FEFCEA200C605D3 /* MarktekUITests */ = {
			isa = PBXNativeTarget;
			buildConfigurationList = 616653BB2FEFCEA300C605D3 /* Build configuration list for PBXNativeTarget "MarktekUITests" */;
			buildPhases = (
				616653A72FEFCEA200C605D3 /* Sources */,
				616653A82FEFCEA200C605D3 /* Frameworks */,
				616653A92FEFCEA200C605D3 /* Resources */,
			);
			buildRules = (
			);
			dependencies = (
				616653AD2FEFCEA200C605D3 /* PBXTargetDependency */,
			);
			name = MarktekUITests;
			productName = MarktekUITests;
			productReference = 616653AB2FEFCEA200C605D3 /* MarktekUITests.xctest */;
			productType = "com.apple.product-type.bundle.ui-testing";
		};
/* End PBXNativeTarget section */

/* Begin PBXProject section */
		616653842FEFCE9F00C605D3 /* Project object */ = {
			isa = PBXProject;
			attributes = {
				BuildIndependentTargetsInParallel = 1;
				LastSwiftUpdateCheck = 1430;
				LastUpgradeCheck = 1430;
				TargetAttributes = {
					6166538B2FEFCE9F00C605D3 = {
						CreatedOnToolsVersion = 14.3.1;
					};
					616653A02FEFCEA200C605D3 = {
						CreatedOnToolsVersion = 14.3.1;
						TestTargetID = 6166538B2FEFCE9F00C605D3;
					};
					616653AA2FEFCEA200C605D3 = {
						CreatedOnToolsVersion = 14.3.1;
						TestTargetID = 6166538B2FEFCE9F00C605D3;
					};
				};
			};
			buildConfigurationList = 616653872FEFCE9F00C605D3 /* Build configuration list for PBXProject "Marktek" */;
			compatibilityVersion = "Xcode 14.0";
			developmentRegion = en;
			hasScannedForEncodings = 0;
			knownRegions = (
				en,
				Base,
			);
			mainGroup = 616653832FEFCE9F00C605D3;
			packageReferences = (
				086CE18A2FF0074F005DEA2D /* XCRemoteSwiftPackageReference "apollo-ios" */,
				086064882FF126690010B267 /* XCRemoteSwiftPackageReference "Swinject" */,
				617276C12FF009F4001CC25D /* XCRemoteSwiftPackageReference "firebase-ios-sdk" */,
				616851E02FF1A35200F29AA5 /* XCRemoteSwiftPackageReference "GoogleSignIn-iOS" */,
				0835559D2FF39FC700083148 /* XCRemoteSwiftPackageReference "SwiftLint" */,
			);
			productRefGroup = 6166538D2FEFCE9F00C605D3 /* Products */;
			projectDirPath = "";
			projectRoot = "";
			targets = (
				6166538B2FEFCE9F00C605D3 /* Marktek */,
				616653A02FEFCEA200C605D3 /* MarktekTests */,
				616653AA2FEFCEA200C605D3 /* MarktekUITests */,
			);
		};
/* End PBXProject section */

/* Begin PBXResourcesBuildPhase section */
		6166538A2FEFCE9F00C605D3 /* Resources */ = {
			isa = PBXResourcesBuildPhase;
			buildActionMask = 2147483647;
			files = (
				2C90D2932FEFE9BE00FADB94 /* Assets.xcassets in Resources */,
				616653972FEFCEA200C605D3 /* Preview Assets.xcassets in Resources */,
				08B93C902FF3246100AAA4F7 /* GoogleService-Info.plist in Resources */,
			);
			runOnlyForDeploymentPostprocessing = 0;
		};
		6166539F2FEFCEA200C605D3 /* Resources */ = {
			isa = PBXResourcesBuildPhase;
			buildActionMask = 2147483647;
			files = (
			);
			runOnlyForDeploymentPostprocessing = 0;
		};
		616653A92FEFCEA200C605D3 /* Resources */ = {
			isa = PBXResourcesBuildPhase;
			buildActionMask = 2147483647;
			files = (
			);
			runOnlyForDeploymentPostprocessing = 0;
		};
/* End PBXResourcesBuildPhase section */

/* Begin PBXSourcesBuildPhase section */
		616653882FEFCE9F00C605D3 /* Sources */ = {
			isa = PBXSourcesBuildPhase;
			buildActionMask = 2147483647;
			files = (
				2C90D3A82FEFF24300FADB94 /* Marktek.xcdatamodeld in Sources */,
				2C90D3A92FEFF24300FADB94 /* Persistence.swift in Sources */,
				616653902FEFCE9F00C605D3 /* MarktekApp.swift in Sources */,
			);
			runOnlyForDeploymentPostprocessing = 0;
		};
		6166539D2FEFCEA200C605D3 /* Sources */ = {
			isa = PBXSourcesBuildPhase;
			buildActionMask = 2147483647;
			files = (
				616653A62FEFCEA200C605D3 /* MarktekTests.swift in Sources */,
			);
			runOnlyForDeploymentPostprocessing = 0;
		};
		616653A72FEFCEA200C605D3 /* Sources */ = {
			isa = PBXSourcesBuildPhase;
			buildActionMask = 2147483647;
			files = (
				616653B22FEFCEA300C605D3 /* MarktekUITestsLaunchTests.swift in Sources */,
				616653B02FEFCEA300C605D3 /* MarktekUITests.swift in Sources */,
			);
			runOnlyForDeploymentPostprocessing = 0;
		};
/* End PBXSourcesBuildPhase section */

/* Begin PBXTargetDependency section */
		0835559F2FF3A01600083148 /* PBXTargetDependency */ = {
			isa = PBXTargetDependency;
			productRef = 0835559E2FF3A01600083148 /* SwiftLintBuildToolPlugin */;
		};
		616653A32FEFCEA200C605D3 /* PBXTargetDependency */ = {
			isa = PBXTargetDependency;
			target = 6166538B2FEFCE9F00C605D3 /* Marktek */;
			targetProxy = 616653A22FEFCEA200C605D3 /* PBXContainerItemProxy */;
		};
		616653AD2FEFCEA200C605D3 /* PBXTargetDependency */ = {
			isa = PBXTargetDependency;
			target = 6166538B2FEFCE9F00C605D3 /* Marktek */;
			targetProxy = 616653AC2FEFCEA200C605D3 /* PBXContainerItemProxy */;
		};
/* End PBXTargetDependency section */

/* Begin XCBuildConfiguration section */
		616653B32FEFCEA300C605D3 /* Debug */ = {
			isa = XCBuildConfiguration;
			buildSettings = {
				ALWAYS_SEARCH_USER_PATHS = NO;
				CLANG_ANALYZER_NONNULL = YES;
				CLANG_ANALYZER_NUMBER_OBJECT_CONVERSION = YES_AGGRESSIVE;
				CLANG_CXX_LANGUAGE_STANDARD = "gnu++20";
				CLANG_ENABLE_MODULES = YES;
				CLANG_ENABLE_OBJC_ARC = YES;
				CLANG_ENABLE_OBJC_WEAK = YES;
				CLANG_WARN_BLOCK_CAPTURE_AUTORELEASING = YES;
				CLANG_WARN_BOOL_CONVERSION = YES;
				CLANG_WARN_COMMA = YES;
				CLANG_WARN_CONSTANT_CONVERSION = YES;
				CLANG_WARN_DEPRECATED_OBJC_IMPLEMENTATIONS = YES;
				CLANG_WARN_DIRECT_OBJC_ISA_USAGE = YES_ERROR;
				CLANG_WARN_DOCUMENTATION_COMMENTS = YES;
				CLANG_WARN_EMPTY_BODY = YES;
				CLANG_WARN_ENUM_CONVERSION = YES;
				CLANG_WARN_INFINITE_RECURSION = YES;
				CLANG_WARN_INT_CONVERSION = YES;
				CLANG_WARN_NON_LITERAL_NULL_CONVERSION = YES;
				CLANG_WARN_OBJC_IMPLICIT_RETAIN_SELF = YES;
				CLANG_WARN_OBJC_LITERAL_CONVERSION = YES;
				CLANG_WARN_OBJC_ROOT_CLASS = YES_ERROR;
				CLANG_WARN_QUOTED_INCLUDE_IN_FRAMEWORK_HEADER = YES;
				CLANG_WARN_RANGE_LOOP_ANALYSIS = YES;
				CLANG_WARN_STRICT_PROTOTYPES = YES;
				CLANG_WARN_SUSPICIOUS_MOVE = YES;
				CLANG_WARN_UNGUARDED_AVAILABILITY = YES_AGGRESSIVE;
				CLANG_WARN_UNREACHABLE_CODE = YES;
				CLANG_WARN__DUPLICATE_METHOD_MATCH = YES;
				COPY_PHASE_STRIP = NO;
				DEBUG_INFORMATION_FORMAT = dwarf;
				ENABLE_STRICT_OBJC_MSGSEND = YES;
				ENABLE_TESTABILITY = YES;
				GCC_C_LANGUAGE_STANDARD = gnu11;
				GCC_DYNAMIC_NO_PIC = NO;
				GCC_NO_COMMON_BLOCKS = YES;
				GCC_OPTIMIZATION_LEVEL = 0;
				GCC_PREPROCESSOR_DEFINITIONS = (
					"DEBUG=1",
					"$(inherited)",
				);
				GCC_WARN_64_TO_32_BIT_CONVERSION = YES;
				GCC_WARN_ABOUT_RETURN_TYPE = YES_ERROR;
				GCC_WARN_UNDECLARED_SELECTOR = YES;
				GCC_WARN_UNINITIALIZED_AUTOS = YES_AGGRESSIVE;
				GCC_WARN_UNUSED_FUNCTION = YES;
				GCC_WARN_UNUSED_VARIABLE = YES;
				IPHONEOS_DEPLOYMENT_TARGET = 16.4;
				MTL_ENABLE_DEBUG_INFO = INCLUDE_SOURCE;
				MTL_FAST_MATH = YES;
				ONLY_ACTIVE_ARCH = YES;
				SDKROOT = iphoneos;
				SWIFT_ACTIVE_COMPILATION_CONDITIONS = DEBUG;
				SWIFT_OPTIMIZATION_LEVEL = "-Onone";
			};
			name = Debug;
		};
		616653B42FEFCEA300C605D3 /* Release */ = {
			isa = XCBuildConfiguration;
			buildSettings = {
				ALWAYS_SEARCH_USER_PATHS = NO;
				CLANG_ANALYZER_NONNULL = YES;
				CLANG_ANALYZER_NUMBER_OBJECT_CONVERSION = YES_AGGRESSIVE;
				CLANG_CXX_LANGUAGE_STANDARD = "gnu++20";
				CLANG_ENABLE_MODULES = YES;
				CLANG_ENABLE_OBJC_ARC = YES;
				CLANG_ENABLE_OBJC_WEAK = YES;
				CLANG_WARN_BLOCK_CAPTURE_AUTORELEASING = YES;
				CLANG_WARN_BOOL_CONVERSION = YES;
				CLANG_WARN_COMMA = YES;
				CLANG_WARN_CONSTANT_CONVERSION = YES;
				CLANG_WARN_DEPRECATED_OBJC_IMPLEMENTATIONS = YES;
				CLANG_WARN_DIRECT_OBJC_ISA_USAGE = YES_ERROR;
				CLANG_WARN_DOCUMENTATION_COMMENTS = YES;
				CLANG_WARN_EMPTY_BODY = YES;
				CLANG_WARN_ENUM_CONVERSION = YES;
				CLANG_WARN_INFINITE_RECURSION = YES;
				CLANG_WARN_INT_CONVERSION = YES;
				CLANG_WARN_NON_LITERAL_NULL_CONVERSION = YES;
				CLANG_WARN_OBJC_IMPLICIT_RETAIN_SELF = YES;
				CLANG_WARN_OBJC_LITERAL_CONVERSION = YES;
				CLANG_WARN_OBJC_ROOT_CLASS = YES_ERROR;
				CLANG_WARN_QUOTED_INCLUDE_IN_FRAMEWORK_HEADER = YES;
				CLANG_WARN_RANGE_LOOP_ANALYSIS = YES;
				CLANG_WARN_STRICT_PROTOTYPES = YES;
				CLANG_WARN_SUSPICIOUS_MOVE = YES;
				CLANG_WARN_UNGUARDED_AVAILABILITY = YES_AGGRESSIVE;
				CLANG_WARN_UNREACHABLE_CODE = YES;
				CLANG_WARN__DUPLICATE_METHOD_MATCH = YES;
				COPY_PHASE_STRIP = NO;
				DEBUG_INFORMATION_FORMAT = "dwarf-with-dsym";
				ENABLE_NS_ASSERTIONS = NO;
				ENABLE_STRICT_OBJC_MSGSEND = YES;
				GCC_C_LANGUAGE_STANDARD = gnu11;
				GCC_NO_COMMON_BLOCKS = YES;
				GCC_WARN_64_TO_32_BIT_CONVERSION = YES;
				GCC_WARN_ABOUT_RETURN_TYPE = YES_ERROR;
				GCC_WARN_UNDECLARED_SELECTOR = YES;
				GCC_WARN_UNINITIALIZED_AUTOS = YES_AGGRESSIVE;
				GCC_WARN_UNUSED_FUNCTION = YES;
				GCC_WARN_UNUSED_VARIABLE = YES;
				IPHONEOS_DEPLOYMENT_TARGET = 16.4;
				MTL_ENABLE_DEBUG_INFO = NO;
				MTL_FAST_MATH = YES;
				SDKROOT = iphoneos;
				SWIFT_COMPILATION_MODE = wholemodule;
				SWIFT_OPTIMIZATION_LEVEL = "-O";
				VALIDATE_PRODUCT = YES;
			};
			name = Release;
		};
		616653B62FEFCEA300C605D3 /* Debug */ = {
			isa = XCBuildConfiguration;
			baseConfigurationReference = 086CE1912FF00C3F005DEA2D /* Config/Secrets.xcconfig */;
			buildSettings = {
				ASSETCATALOG_COMPILER_APPICON_NAME = AppIcon;
				ASSETCATALOG_COMPILER_GLOBAL_ACCENT_COLOR_NAME = AccentColor;
				CODE_SIGN_IDENTITY = "Apple Development";
				CODE_SIGN_STYLE = Automatic;
				CURRENT_PROJECT_VERSION = 1;
				DEVELOPMENT_ASSET_PATHS = "\"Marktek/Preview Content\"";
				DEVELOPMENT_TEAM = 9XB3Q87QK8;
				ENABLE_PREVIEWS = YES;
				GENERATE_INFOPLIST_FILE = NO;
				INFOPLIST_FILE = Marktek/Info.plist;
				INFOPLIST_KEY_SHOPIFY_API_VERSION = "$(SHOPIFY_API_VERSION)";
				INFOPLIST_KEY_SHOPIFY_HOST = "$(SHOPIFY_HOST)";
				INFOPLIST_KEY_SHOPIFY_STOREFRONT_ACCESS_TOKEN = "$(SHOPIFY_STOREFRONT_ACCESS_TOKEN)";
				INFOPLIST_KEY_UIApplicationSceneManifest_Generation = YES;
				INFOPLIST_KEY_UIApplicationSupportsIndirectInputEvents = YES;
				INFOPLIST_KEY_UILaunchScreen_Generation = YES;
				INFOPLIST_KEY_UISupportedInterfaceOrientations_iPad = "UIInterfaceOrientationPortrait UIInterfaceOrientationPortraitUpsideDown UIInterfaceOrientationLandscapeLeft UIInterfaceOrientationLandscapeRight";
				INFOPLIST_KEY_UISupportedInterfaceOrientations_iPhone = "UIInterfaceOrientationPortrait UIInterfaceOrientationLandscapeLeft UIInterfaceOrientationLandscapeRight";
				IPHONEOS_DEPLOYMENT_TARGET = 16.4;
				LD_RUNPATH_SEARCH_PATHS = (
					"$(inherited)",
					"@executable_path/Frameworks",
				);
				MARKETING_VERSION = 1.0;
				PRODUCT_BUNDLE_IDENTIFIER = ITI.Marktek;
				PRODUCT_NAME = "$(TARGET_NAME)";
				PROVISIONING_PROFILE_SPECIFIER = "";
				SWIFT_EMIT_LOC_STRINGS = YES;
				SWIFT_VERSION = 5.0;
				TARGETED_DEVICE_FAMILY = "1,2";
			};
			name = Debug;
		};
		616653B72FEFCEA300C605D3 /* Release */ = {
			isa = XCBuildConfiguration;
			baseConfigurationReference = 086CE1912FF00C3F005DEA2D /* Config/Secrets.xcconfig */;
			buildSettings = {
				ASSETCATALOG_COMPILER_APPICON_NAME = AppIcon;
				ASSETCATALOG_COMPILER_GLOBAL_ACCENT_COLOR_NAME = AccentColor;
				CODE_SIGN_IDENTITY = "Apple Development";
				CODE_SIGN_STYLE = Automatic;
				CURRENT_PROJECT_VERSION = 1;
				DEVELOPMENT_ASSET_PATHS = "\"Marktek/Preview Content\"";
				DEVELOPMENT_TEAM = 9XB3Q87QK8;
				ENABLE_PREVIEWS = YES;
				GENERATE_INFOPLIST_FILE = NO;
				INFOPLIST_FILE = Marktek/Info.plist;
				INFOPLIST_KEY_SHOPIFY_API_VERSION = "$(SHOPIFY_API_VERSION)";
				INFOPLIST_KEY_SHOPIFY_HOST = "$(SHOPIFY_HOST)";
				INFOPLIST_KEY_SHOPIFY_STOREFRONT_ACCESS_TOKEN = "$(SHOPIFY_STOREFRONT_ACCESS_TOKEN)";
				INFOPLIST_KEY_UIApplicationSceneManifest_Generation = YES;
				INFOPLIST_KEY_UIApplicationSupportsIndirectInputEvents = YES;
				INFOPLIST_KEY_UILaunchScreen_Generation = YES;
				INFOPLIST_KEY_UISupportedInterfaceOrientations_iPad = "UIInterfaceOrientationPortrait UIInterfaceOrientationPortraitUpsideDown UIInterfaceOrientationLandscapeLeft UIInterfaceOrientationLandscapeRight";
				INFOPLIST_KEY_UISupportedInterfaceOrientations_iPhone = "UIInterfaceOrientationPortrait UIInterfaceOrientationLandscapeLeft UIInterfaceOrientationLandscapeRight";
				IPHONEOS_DEPLOYMENT_TARGET = 16.4;
				LD_RUNPATH_SEARCH_PATHS = (
					"$(inherited)",
					"@executable_path/Frameworks",
				);
				MARKETING_VERSION = 1.0;
				PRODUCT_BUNDLE_IDENTIFIER = ITI.Marktek;
				PRODUCT_NAME = "$(TARGET_NAME)";
				PROVISIONING_PROFILE_SPECIFIER = "";
				SWIFT_EMIT_LOC_STRINGS = YES;
				SWIFT_VERSION = 5.0;
				TARGETED_DEVICE_FAMILY = "1,2";
			};
			name = Release;
		};
		616653B92FEFCEA300C605D3 /* Debug */ = {
			isa = XCBuildConfiguration;
			buildSettings = {
				ALWAYS_EMBED_SWIFT_STANDARD_LIBRARIES = YES;
				BUNDLE_LOADER = "$(TEST_HOST)";
				CODE_SIGN_STYLE = Automatic;
				CURRENT_PROJECT_VERSION = 1;
				GENERATE_INFOPLIST_FILE = YES;
				IPHONEOS_DEPLOYMENT_TARGET = 16.4;
				MARKETING_VERSION = 1.0;
				PRODUCT_BUNDLE_IDENTIFIER = ITI.MarktekTests;
				PRODUCT_NAME = "$(TARGET_NAME)";
				SWIFT_EMIT_LOC_STRINGS = NO;
				SWIFT_VERSION = 5.0;
				TARGETED_DEVICE_FAMILY = "1,2";
				TEST_HOST = "$(BUILT_PRODUCTS_DIR)/Marktek.app/$(BUNDLE_EXECUTABLE_FOLDER_PATH)/Marktek";
			};
			name = Debug;
		};
		616653BA2FEFCEA300C605D3 /* Release */ = {
			isa = XCBuildConfiguration;
			buildSettings = {
				ALWAYS_EMBED_SWIFT_STANDARD_LIBRARIES = YES;
				BUNDLE_LOADER = "$(TEST_HOST)";
				CODE_SIGN_STYLE = Automatic;
				CURRENT_PROJECT_VERSION = 1;
				GENERATE_INFOPLIST_FILE = YES;
				IPHONEOS_DEPLOYMENT_TARGET = 16.4;
				MARKETING_VERSION = 1.0;
				PRODUCT_BUNDLE_IDENTIFIER = ITI.MarktekTests;
				PRODUCT_NAME = "$(TARGET_NAME)";
				SWIFT_EMIT_LOC_STRINGS = NO;
				SWIFT_VERSION = 5.0;
				TARGETED_DEVICE_FAMILY = "1,2";
				TEST_HOST = "$(BUILT_PRODUCTS_DIR)/Marktek.app/$(BUNDLE_EXECUTABLE_FOLDER_PATH)/Marktek";
			};
			name = Release;
		};
		616653BC2FEFCEA300C605D3 /* Debug */ = {
			isa = XCBuildConfiguration;
			buildSettings = {
				ALWAYS_EMBED_SWIFT_STANDARD_LIBRARIES = YES;
				CODE_SIGN_STYLE = Automatic;
				CURRENT_PROJECT_VERSION = 1;
				GENERATE_INFOPLIST_FILE = YES;
				MARKETING_VERSION = 1.0;
				PRODUCT_BUNDLE_IDENTIFIER = ITI.MarktekUITests;
				PRODUCT_NAME = "$(TARGET_NAME)";
				SWIFT_EMIT_LOC_STRINGS = NO;
				SWIFT_VERSION = 5.0;
				TARGETED_DEVICE_FAMILY = "1,2";
				TEST_TARGET_NAME = Marktek;
			};
			name = Debug;
		};
		616653BD2FEFCEA300C605D3 /* Release */ = {
			isa = XCBuildConfiguration;
			buildSettings = {
				ALWAYS_EMBED_SWIFT_STANDARD_LIBRARIES = YES;
				CODE_SIGN_STYLE = Automatic;
				CURRENT_PROJECT_VERSION = 1;
				GENERATE_INFOPLIST_FILE = YES;
				MARKETING_VERSION = 1.0;
				PRODUCT_BUNDLE_IDENTIFIER = ITI.MarktekUITests;
				PRODUCT_NAME = "$(TARGET_NAME)";
				SWIFT_EMIT_LOC_STRINGS = NO;
				SWIFT_VERSION = 5.0;
				TARGETED_DEVICE_FAMILY = "1,2";
				TEST_TARGET_NAME = Marktek;
			};
			name = Release;
		};
/* End XCBuildConfiguration section */

/* Begin XCConfigurationList section */
		616653872FEFCE9F00C605D3 /* Build configuration list for PBXProject "Marktek" */ = {
			isa = XCConfigurationList;
			buildConfigurations = (
				616653B32FEFCEA300C605D3 /* Debug */,
				616653B42FEFCEA300C605D3 /* Release */,
			);
			defaultConfigurationIsVisible = 0;
			defaultConfigurationName = Release;
		};
		616653B52FEFCEA300C605D3 /* Build configuration list for PBXNativeTarget "Marktek" */ = {
			isa = XCConfigurationList;
			buildConfigurations = (
				616653B62FEFCEA300C605D3 /* Debug */,
				616653B72FEFCEA300C605D3 /* Release */,
			);
			defaultConfigurationIsVisible = 0;
			defaultConfigurationName = Release;
		};
		616653B82FEFCEA300C605D3 /* Build configuration list for PBXNativeTarget "MarktekTests" */ = {
			isa = XCConfigurationList;
			buildConfigurations = (
				616653B92FEFCEA300C605D3 /* Debug */,
				616653BA2FEFCEA300C605D3 /* Release */,
			);
			defaultConfigurationIsVisible = 0;
			defaultConfigurationName = Release;
		};
		616653BB2FEFCEA300C605D3 /* Build configuration list for PBXNativeTarget "MarktekUITests" */ = {
			isa = XCConfigurationList;
			buildConfigurations = (
				616653BC2FEFCEA300C605D3 /* Debug */,
				616653BD2FEFCEA300C605D3 /* Release */,
			);
			defaultConfigurationIsVisible = 0;
			defaultConfigurationName = Release;
		};
/* End XCConfigurationList section */

/* Begin XCRemoteSwiftPackageReference section */
		0835559D2FF39FC700083148 /* XCRemoteSwiftPackageReference "SwiftLint" */ = {
			isa = XCRemoteSwiftPackageReference;
			repositoryURL = "https://github.com/realm/SwiftLint";
			requirement = {
				kind = upToNextMajorVersion;
				minimumVersion = 0.65.0;
			};
		};
		086064882FF126690010B267 /* XCRemoteSwiftPackageReference "Swinject" */ = {
			isa = XCRemoteSwiftPackageReference;
			repositoryURL = "https://github.com/Swinject/Swinject.git";
			requirement = {
				kind = upToNextMajorVersion;
				minimumVersion = 2.10.0;
			};
		};
		086CE18A2FF0074F005DEA2D /* XCRemoteSwiftPackageReference "apollo-ios" */ = {
			isa = XCRemoteSwiftPackageReference;
			repositoryURL = "https://github.com/apollographql/apollo-ios";
			requirement = {
				kind = upToNextMajorVersion;
				minimumVersion = 2.2.0;
			};
		};
		616851E02FF1A35200F29AA5 /* XCRemoteSwiftPackageReference "GoogleSignIn-iOS" */ = {
			isa = XCRemoteSwiftPackageReference;
			repositoryURL = "https://github.com/google/GoogleSignIn-iOS";
			requirement = {
				kind = exactVersion;
				version = 7.0.0;
			};
		};
		617276C12FF009F4001CC25D /* XCRemoteSwiftPackageReference "firebase-ios-sdk" */ = {
			isa = XCRemoteSwiftPackageReference;
			repositoryURL = "https://github.com/firebase/firebase-ios-sdk";
			requirement = {
				kind = upToNextMajorVersion;
				minimumVersion = 10.28.0;
			};
		};
/* End XCRemoteSwiftPackageReference section */

/* Begin XCSwiftPackageProductDependency section */
		0835559E2FF3A01600083148 /* SwiftLintBuildToolPlugin */ = {
			isa = XCSwiftPackageProductDependency;
			package = 0835559D2FF39FC700083148 /* XCRemoteSwiftPackageReference "SwiftLint" */;
			productName = "plugin:SwiftLintBuildToolPlugin";
		};
		086064892FF126690010B267 /* Swinject */ = {
			isa = XCSwiftPackageProductDependency;
			package = 086064882FF126690010B267 /* XCRemoteSwiftPackageReference "Swinject" */;
			productName = Swinject;
		};
		0860648D2FF12F8A0010B267 /* Onboarding */ = {
			isa = XCSwiftPackageProductDependency;
			productName = Onboarding;
		};
		086CE18D2FF0074F005DEA2D /* ApolloAPI */ = {
			isa = XCSwiftPackageProductDependency;
			package = 086CE18A2FF0074F005DEA2D /* XCRemoteSwiftPackageReference "apollo-ios" */;
			productName = ApolloAPI;
		};
		086CE18F2FF008E4005DEA2D /* MarktekNetworking */ = {
			isa = XCSwiftPackageProductDependency;
			productName = MarktekNetworking;
		};
		08EA15A92FF2B32E0056ECA5 /* Cart */ = {
			isa = XCSwiftPackageProductDependency;
			productName = Cart;
		};
		2C74F8D12FEFFF460073F428 /* Home */ = {
			isa = XCSwiftPackageProductDependency;
			productName = Home;
		};
		616851E12FF1A35200F29AA5 /* GoogleSignIn */ = {
			isa = XCSwiftPackageProductDependency;
			package = 616851E02FF1A35200F29AA5 /* XCRemoteSwiftPackageReference "GoogleSignIn-iOS" */;
			productName = GoogleSignIn;
		};
		616851E32FF1A35200F29AA5 /* GoogleSignInSwift */ = {
			isa = XCSwiftPackageProductDependency;
			package = 616851E02FF1A35200F29AA5 /* XCRemoteSwiftPackageReference "GoogleSignIn-iOS" */;
			productName = GoogleSignInSwift;
		};
		617276C62FF01B7C001CC25D /* FirebaseAuth */ = {
			isa = XCSwiftPackageProductDependency;
			package = 617276C12FF009F4001CC25D /* XCRemoteSwiftPackageReference "firebase-ios-sdk" */;
			productName = FirebaseAuth;
		};
		617276C82FF023F9001CC25D /* Authentication */ = {
			isa = XCSwiftPackageProductDependency;
			productName = Authentication;
		};
		CA7D80092FF335C50090C2CF /* Apollo */ = {
			isa = XCSwiftPackageProductDependency;
			productName = Apollo;
		};
		CA7D800B2FF335C50090C2CF /* ApolloAPI */ = {
			isa = XCSwiftPackageProductDependency;
			productName = ApolloAPI;
		};
/* End XCSwiftPackageProductDependency section */

/* Begin XCVersionGroup section */
		2C90D3A22FEFF24300FADB94 /* Marktek.xcdatamodeld */ = {
			isa = XCVersionGroup;
			children = (
				2C90D3A62FEFF24300FADB94 /* Marktek.xcdatamodel */,
			);
			currentVersion = 2C90D3A62FEFF24300FADB94 /* Marktek.xcdatamodel */;
			path = Marktek.xcdatamodeld;
			sourceTree = "<group>";
			versionGroupType = wrapper.xcdatamodel;
		};
/* End XCVersionGroup section */
	};
	rootObject = 616653842FEFCE9F00C605D3 /* Project object */;
}
